
Microsoft Visual Studio Solution File, Format Version 12.00
# Visual Studio 15
VisualStudioVersion = 15.0.28307.271
MinimumVisualStudioVersion = 10.0.40219.1
Project("{FAE04EC0-301F-11D3-BF4B-00C04F79EFBC}") = "Website", "Website\Website.csproj", "{16B8E279-7BE4-4497-B950-112ADA08BCD8}"
EndProject
Global
	GlobalSection(SolutionConfigurationPlatforms) = preSolution
		Debug|Any CPU = Debug|Any CPU
		Release|Any CPU = Release|Any CPU
	EndGlobalSection
	GlobalSection(ProjectConfigurationPlatforms) = postSolution
		{16B8E279-7BE4-4497-B950-112ADA08BCD8}.Debug|Any CPU.ActiveCfg = Debug|Any CPU
		{16B8E279-7BE4-4497-B950-112ADA08BCD8}.Debug|Any CPU.Build.0 = Debug|Any CPU
		{16B8E279-7BE4-4497-B950-112ADA08BCD8}.Release|Any CPU.ActiveCfg = Release|Any CPU
		{16B8E279-7BE4-4497-B950-112ADA08BCD8}.Release|Any CPU.Build.0 = Release|Any CPU
	EndGlobalSection
	GlobalSection(SolutionProperties) = preSolution
		HideSolutionNode = FALSE
	EndGlobalSection
	GlobalSection(ExtensibilityGlobals) = postSolution
		SolutionGuid = {28CCC1A8-00B3-492C-8F42-0F85A126F3A4}
	EndGlobalSection
EndGlobal
